{
  "name": "mysinglespa",
  "version": "1.0.0",
  "lockfileVersion": 1,
  "requires": true,
  "dependencies": {
    "@babel/runtime": {
      "version": "7.12.5",
      "resolved": "https://registry.npmjs.org/@babel/runtime/-/runtime-7.12.5.tgz",
      "integrity": "sha512-plcc+hbExy3McchJCEQG3knOsuh3HH+Prx1P6cLIkET/0dLuQDEnrT+s27Axgc9bqfsmNUNHfscgMUdBpC9xfg==",
      "requires": {
        "regenerator-runtime": "^0.13.4"
      }
    },
    "fsevents": {
      "version": "2.1.3",
      "resolved": "https://registry.npmjs.org/fsevents/-/fsevents-2.1.3.tgz",
      "integrity": "sha512-Auw9a4AxqWpa9GUfj370BMPzzyncfBABW8Mab7BGWBYDj4Isgq+cDKtx0i6u9jcX9pQDnswsaaOTgTmA5pEjuQ==",
      "dev": true,
      "optional": true
    },
    "import-html-entry": {
      "version": "1.11.0",
      "resolved": "https://registry.npmjs.org/import-html-entry/-/import-html-entry-1.11.0.tgz",
      "integrity": "sha512-GSnZ68e5ZF0unfRGH3MouN0pzz1y6VVviHyQ/95OSafMPoaLoO5w33BknRbFZ/n4C0hWNkN29Wg5ckLObQsmyA==",
      "requires": {
        "@babel/runtime": "^7.7.2"
      }
    },
    "lodash": {
      "version": "4.17.20",
      "resolved": "https://registry.npmjs.org/lodash/-/lodash-4.17.20.tgz",
      "integrity": "sha512-PlhdFcillOINfeV7Ni6oF1TAEayyZBoZ8bcshTHqOYJYlrqzRK5hagpagky5o4HfCzzd1TRkXPMFq6cKk9rGmA=="
    },
    "mime": {
      "version": "1.6.0",
      "resolved": "https://registry.npmjs.org/mime/-/mime-1.6.0.tgz",
      "integrity": "sha512-x0Vn8spI+wuJ1O6S7gnbaQg8Pxh4NNHb7KSINmEWKiPE4RKOplvijn+NkmYmmRgP68mc70j2EbeTFRsrswaQeg==",
      "dev": true
    },
    "opener": {
      "version": "1.5.2",
      "resolved": "https://registry.npmjs.org/opener/-/opener-1.5.2.tgz",
      "integrity": "sha512-ur5UIdyw5Y7yEj9wLzhqXiy6GZ3Mwx0yGI+5sMn2r0N0v3cKJvUmFH5yPP+WXh9e0xfyzyJX95D8l088DNFj7A==",
      "dev": true
    },
    "qiankun": {
      "version": "2.3.2",
      "resolved": "https://registry.npmjs.org/qiankun/-/qiankun-2.3.2.tgz",
      "integrity": "sha512-Hz+d6JIzap/ujpQzL6OQmWAgV3dFNKKKTIIdr6GYFgARORMkNp7eSYI3NEeay4wUmELJTSXlxeDsZmf/v4wCBA==",
      "requires": {
        "@babel/runtime": "^7.10.5",
        "import-html-entry": "^1.9.0",
        "lodash": "^4.17.11",
        "single-spa": "5.8.1",
        "tslib": "^1.10.0"
      }
    },
    "regenerator-runtime": {
      "version": "0.13.7",
      "resolved": "https://registry.npmjs.org/regenerator-runtime/-/regenerator-runtime-0.13.7.tgz",
      "integrity": "sha512-a54FxoJDIr27pgf7IgeQGxmqUNYrcV338lf/6gH456HZ/PhX+5BcwHXG9ajESmwe6WRO0tAzRUrRmNONWgkrew=="
    },
    "rollup": {
      "version": "2.34.1",
      "resolved": "https://registry.npmjs.org/rollup/-/rollup-2.34.1.tgz",
      "integrity": "sha512-tGveB6NU5x4MS/iXaIsjfUkEv4hxzJJ4o0FRy5LO62Ndx3R2cmE1qsLYlSfRkvHUUPqWiFoxEm8pRftzh1a5HA==",
      "dev": true,
      "requires": {
        "fsevents": "~2.1.2"
      }
    },
    "rollup-plugin-server": {
      "version": "0.7.0",
      "resolved": "https://registry.npmjs.org/rollup-plugin-server/-/rollup-plugin-server-0.7.0.tgz",
      "integrity": "sha1-ysd3pNajPob8sjMMQrwyOTlg8KI=",
      "dev": true,
      "requires": {
        "mime": "^1.3.6",
        "opener": "^1.4.3"
      }
    },
    "single-spa": {
      "version": "5.8.1",
      "resolved": "https://registry.npmjs.org/single-spa/-/single-spa-5.8.1.tgz",
      "integrity": "sha512-RlyLZ1IDIPdzI6mQPzCQnlgTt9jmbAXBZODmifoDut840wksPDSPhcSS8jXMpuUlqOidQiX2YuLVQSR9DEgsXw=="
    },
    "tslib": {
      "version": "1.14.1",
      "resolved": "https://registry.npmjs.org/tslib/-/tslib-1.14.1.tgz",
      "integrity": "sha512-Xni35NKzjgMrwevysHTCArtLDpPvye8zV/0E4EyYn43P7/7qvQwPh9BGkHewbMulVntbigmcT7rdX3BNo9wRJg=="
    }
  }
}
